// !$*UTF8*$!
{
	archiveVersion = 1;
	classes = {
	};
	objectVersion = 46;
	objects = {

/* Begin PBXBuildFile section */
		AB22BF151C37D42500DB36BF /* AppDelegate.swift in Sources */ = {isa = PBXBuildFile; fileRef = AB22BF141C37D42500DB36BF /* AppDelegate.swift */; };
		AB22BF171C37D42500DB36BF /* ViewController.swift in Sources */ = {isa = PBXBuildFile; fileRef = AB22BF161C37D42500DB36BF /* ViewController.swift */; };
		AB22BF1A1C37D42500DB36BF /* Main.storyboard in Resources */ = {isa = PBXBuildFile; fileRef = AB22BF181C37D42500DB36BF /* Main.storyboard */; };
		AB22BF1C1C37D42500DB36BF /* Assets.xcassets in Resources */ = {isa = PBXBuildFile; fileRef = AB22BF1B1C37D42500DB36BF /* Assets.xcassets */; };
		AB22BF1F1C37D42500DB36BF /* LaunchScreen.storyboard in Resources */ = {isa = PBXBuildFile; fileRef = AB22BF1D1C37D42500DB36BF /* LaunchScreen.storyboard */; };
		AB22BF271C37D58500DB36BF /* PositionViewController.swift in Sources */ = {isa = PBXBuildFile; fileRef = AB22BF261C37D58500DB36BF /* PositionViewController.swift */; };
		AB22BF291C37F84600DB36BF /* OpacityViewController.swift in Sources */ = {isa = PBXBuildFile; fileRef = AB22BF281C37F84600DB36BF /* OpacityViewController.swift */; };
		AB22BF2B1C37F99B00DB36BF /* ScaleViewController.swift in Sources */ = {isa = PBXBuildFile; fileRef = AB22BF2A1C37F99B00DB36BF /* ScaleViewController.swift */; };
		AB22BF2D1C37FD2D00DB36BF /* ColorViewController.swift in Sources */ = {isa = PBXBuildFile; fileRef = AB22BF2C1C37FD2D00DB36BF /* ColorViewController.swift */; };
		AB22BF2F1C37FE8B00DB36BF /* RotationViewController.swift in Sources */ = {isa = PBXBuildFile; fileRef = AB22BF2E1C37FE8B00DB36BF /* RotationViewController.swift */; };
/* End PBXBuildFile section */

/* Begin PBXFileReference section */
		AB22BF111C37D42500DB36BF /* iOSAnimationSample.app */ = {isa = PBXFileReference; explicitFileType = wrapper.application; includeInIndex = 0; path = iOSAnimationSample.app; sourceTree = BUILT_PRODUCTS_DIR; };
		AB22BF141C37D42500DB36BF /* AppDelegate.swift */ = {isa = PBXFileReference; lastKnownFileType = sourcecode.swift; path = AppDelegate.swift; sourceTree = "<group>"; };
		AB22BF161C37D42500DB36BF /* ViewController.swift */ = {isa = PBXFileReference; lastKnownFileType = sourcecode.swift; path = ViewController.swift; sourceTree = "<group>"; };
		AB22BF191C37D42500DB36BF /* Base */ = {isa = PBXFileReference; lastKnownFileType = file.storyboard; name = Base; path = Base.lproj/Main.storyboard; sourceTree = "<group>"; };
		AB22BF1B1C37D42500DB36BF /* Assets.xcassets */ = {isa = PBXFileReference; lastKnownFileType = folder.assetcatalog; path = Assets.xcassets; sourceTree = "<group>"; };
		AB22BF1E1C37D42500DB36BF /* Base */ = {isa = PBXFileReference; lastKnownFileType = file.storyboard; name = Base; path = Base.lproj/LaunchScreen.storyboard; sourceTree = "<group>"; };
		AB22BF201C37D42500DB36BF /* Info.plist */ = {isa = PBXFileReference; lastKnownFileType = text.plist.xml; path = Info.plist; sourceTree = "<group>"; };
		AB22BF261C37D58500DB36BF /* PositionViewController.swift */ = {isa = PBXFileReference; fileEncoding = 4; lastKnownFileType = sourcecode.swift; path = PositionViewController.swift; sourceTree = "<group>"; };
		AB22BF281C37F84600DB36BF /* OpacityViewController.swift */ = {isa = PBXFileReference; fileEncoding = 4; lastKnownFileType = sourcecode.swift; path = OpacityViewController.swift; sourceTree = "<group>"; };
		AB22BF2A1C37F99B00DB36BF /* ScaleViewController.swift */ = {isa = PBXFileReference; fileEncoding = 4; lastKnownFileType = sourcecode.swift; path = ScaleViewController.swift; sourceTree = "<group>"; };
		AB22BF2C1C37FD2D00DB36BF /* ColorViewController.swift */ = {isa = PBXFileReference; fileEncoding = 4; lastKnownFileType = sourcecode.swift; path = ColorViewController.swift; sourceTree = "<group>"; };
		AB22BF2E1C37FE8B00DB36BF /* RotationViewController.swift */ = {isa = PBXFileReference; fileEncoding = 4; lastKnownFileType = sourcecode.swift; path = RotationViewController.swift; sourceTree = "<group>"; };
/* End PBXFileReference section */

/* Begin PBXFrameworksBuildPhase section */
		AB22BF0E1C37D42500DB36BF /* Frameworks */ = {
			isa = PBXFrameworksBuildPhase;
			buildActionMask = 2147483647;
			files = (
			);
			runOnlyForDeploymentPostprocessing = 0;
		};
/* End PBXFrameworksBuildPhase section */

/* Begin PBXGroup section */
		AB22BF081C37D42500DB36BF = {
			isa = PBXGroup;
			children = (
				AB22BF131C37D42500DB36BF /* iOSAnimationSample */,
				AB22BF121C37D42500DB36BF /* Products */,
			);
			sourceTree = "<group>";
		};
		AB22BF121C37D42500DB36BF /* Products */ = {
			isa = PBXGroup;
			children = (
				AB22BF111C37D42500DB36BF /* iOSAnimationSample.app */,
			);
			name = Products;
			sourceTree = "<group>";
		};
		AB22BF131C37D42500DB36BF /* iOSAnimationSample */ = {
			isa = PBXGroup;
			children = (
				AB22BF2A1C37F99B00DB36BF /* ScaleViewController.swift */,
				AB22BF141C37D42500DB36BF /* AppDelegate.swift */,
				AB22BF161C37D42500DB36BF /* ViewController.swift */,
				AB22BF261C37D58500DB36BF /* PositionViewController.swift */,
				AB22BF281C37F84600DB36BF /* OpacityViewController.swift */,
				AB22BF2E1C37FE8B00DB36BF /* RotationViewController.swift */,
				AB22BF181C37D42500DB36BF /* Main.storyboard */,
				AB22BF1B1C37D42500DB36BF /* Assets.xcassets */,
				AB22BF1D1C37D42500DB36BF /* LaunchScreen.storyboard */,
				AB22BF201C37D42500DB36BF /* Info.plist */,
				AB22BF2C1C37FD2D00DB36BF /* ColorViewController.swift */,
			);
			path = iOSAnimationSample;
			sourceTree = "<group>";
		};
/* End PBXGroup section */

/* Begin PBXNativeTarget section */
		AB22BF101C37D42500DB36BF /* iOSAnimationSample */ = {
			isa = PBXNativeTarget;
			buildConfigurationList = AB22BF231C37D42500DB36BF /* Build configuration list for PBXNativeTarget "iOSAnimationSample" */;
			buildPhases = (
				AB22BF0D1C37D42500DB36BF /* Sources */,
				AB22BF0E1C37D42500DB36BF /* Frameworks */,
				AB22BF0F1C37D42500DB36BF /* Resources */,
			);
			buildRules = (
			);
			dependencies = (
			);
			name = iOSAnimationSample;
			productName = iOSAnimationSample;
			productReference = AB22BF111C37D42500DB36BF /* iOSAnimationSample.app */;
			productType = "com.apple.product-type.application";
		};
/* End PBXNativeTarget section */

/* Begin PBXProject section */
		AB22BF091C37D42500DB36BF /* Project object */ = {
			isa = PBXProject;
			attributes = {
				LastSwiftUpdateCheck = 0720;
				LastUpgradeCheck = 0720;
				ORGANIZATIONNAME = "宋立君";
				TargetAttributes = {
					AB22BF101C37D42500DB36BF = {
						CreatedOnToolsVersion = 7.2;
					};
				};
			};
			buildConfigurationList = AB22BF0C1C37D42500DB36BF /* Build configuration list for PBXProject "iOSAnimationSample" */;
			compatibilityVersion = "Xcode 3.2";
			developmentRegion = English;
			hasScannedForEncodings = 0;
			knownRegions = (
				en,
				Base,
			);
			mainGroup = AB22BF081C37D42500DB36BF;
			productRefGroup = AB22BF121C37D42500DB36BF /* Products */;
			projectDirPath = "";
			projectRoot = "";
			targets = (
				AB22BF101C37D42500DB36BF /* iOSAnimationSample */,
			);
		};
/* End PBXProject section */

/* Begin PBXResourcesBuildPhase section */
		AB22BF0F1C37D42500DB36BF /* Resources */ = {
			isa = PBXResourcesBuildPhase;
			buildActionMask = 2147483647;
			files = (
				AB22BF1F1C37D42500DB36BF /* LaunchScreen.storyboard in Resources */,
				AB22BF1C1C37D42500DB36BF /* Assets.xcassets in Resources */,
				AB22BF1A1C37D42500DB36BF /* Main.storyboard in Resources */,
			);
			runOnlyForDeploymentPostprocessing = 0;
		};
/* End PBXResourcesBuildPhase section */

/* Begin PBXSourcesBuildPhase section */
		AB22BF0D1C37D42500DB36BF /* Sources */ = {
			isa = PBXSourcesBuildPhase;
			buildActionMask = 2147483647;
			files = (
				AB22BF271C37D58500DB36BF /* PositionViewController.swift in Sources */,
				AB22BF2B1C37F99B00DB36BF /* ScaleViewController.swift in Sources */,
				AB22BF171C37D42500DB36BF /* ViewController.swift in Sources */,
				AB22BF291C37F84600DB36BF /* OpacityViewController.swift in Sources */,
				AB22BF2F1C37FE8B00DB36BF /* RotationViewController.swift in Sources */,
				AB22BF2D1C37FD2D00DB36BF /* ColorViewController.swift in Sources */,
				AB22BF151C37D42500DB36BF /* AppDelegate.swift in Sources */,
			);
			runOnlyForDeploymentPostprocessing = 0;
		};
/* End PBXSourcesBuildPhase section */

/* Begin PBXVariantGroup section */
		AB22BF181C37D42500DB36BF /* Main.storyboard */ = {
			isa = PBXVariantGroup;
			children = (
				AB22BF191C37D42500DB36BF /* Base */,
			);
			name = Main.storyboard;
			sourceTree = "<group>";
		};
		AB22BF1D1C37D42500DB36BF /* LaunchScreen.storyboard */ = {
			isa = PBXVariantGroup;
			children = (
				AB22BF1E1C37D42500DB36BF /* Base */,
			);
			name = LaunchScreen.storyboard;
			sourceTree = "<group>";
		};
/* End PBXVariantGroup section */

/* Begin XCBuildConfiguration section */
		AB22BF211C37D42500DB36BF /* Debug */ = {
			isa = XCBuildConfiguration;
			buildSettings = {
				ALWAYS_SEARCH_USER_PATHS = NO;
				CLANG_CXX_LANGUAGE_STANDARD = "gnu++0x";
				CLANG_CXX_LIBRARY = "libc++";
				CLANG_ENABLE_MODULES = YES;
				CLANG_ENABLE_OBJC_ARC = YES;
				CLANG_WARN_BOOL_CONVERSION = YES;
				CLANG_WARN_CONSTANT_CONVERSION = YES;
				CLANG_WARN_DIRECT_OBJC_ISA_USAGE = YES_ERROR;
				CLANG_WARN_EMPTY_BODY = YES;
				CLANG_WARN_ENUM_CONVERSION = YES;
				CLANG_WARN_INT_CONVERSION = YES;
				CLANG_WARN_OBJC_ROOT_CLASS = YES_ERROR;
				CLANG_WARN_UNREACHABLE_CODE = YES;
				CLANG_WARN__DUPLICATE_METHOD_MATCH = YES;
				"CODE_SIGN_IDENTITY[sdk=iphoneos*]" = "iPhone Developer";
				COPY_PHASE_STRIP = NO;
				DEBUG_INFORMATION_FORMAT = dwarf;
				ENABLE_STRICT_OBJC_MSGSEND = YES;
				ENABLE_TESTABILITY = YES;
				GCC_C_LANGUAGE_STANDARD = gnu99;
				GCC_DYNAMIC_NO_PIC = NO;
				GCC_NO_COMMON_BLOCKS = YES;
				GCC_OPTIMIZATION_LEVEL = 0;
				GCC_PREPROCESSOR_DEFINITIONS = (
					"DEBUG=1",
					"$(inherited)",
				);
				GCC_WARN_64_TO_32_BIT_CONVERSION = YES;
				GCC_WARN_ABOUT_RETURN_TYPE = YES_ERROR;
				GCC_WARN_UNDECLARED_SELECTOR = YES;
				GCC_WARN_UNINITIALIZED_AUTOS = YES_AGGRESSIVE;
				GCC_WARN_UNUSED_FUNCTION = YES;
				GCC_WARN_UNUSED_VARIABLE = YES;
				IPHONEOS_DEPLOYMENT_TARGET = 9.2;
				MTL_ENABLE_DEBUG_INFO = YES;
				ONLY_ACTIVE_ARCH = YES;
				SDKROOT = iphoneos;
				SWIFT_OPTIMIZATION_LEVEL = "-Onone";
				TARGETED_DEVICE_FAMILY = "1,2";
			};
			name = Debug;
		};
		AB22BF221C37D42500DB36BF /* Release */ = {
			isa = XCBuildConfiguration;
			buildSettings = {
				ALWAYS_SEARCH_USER_PATHS = NO;
				CLANG_CXX_LANGUAGE_STANDARD = "gnu++0x";
				CLANG_CXX_LIBRARY = "libc++";
				CLANG_ENABLE_MODULES = YES;
				CLANG_ENABLE_OBJC_ARC = YES;
				CLANG_WARN_BOOL_CONVERSION = YES;
				CLANG_WARN_CONSTANT_CONVERSION = YES;
				CLANG_WARN_DIRECT_OBJC_ISA_USAGE = YES_ERROR;
				CLANG_WARN_EMPTY_BODY = YES;
				CLANG_WARN_ENUM_CONVERSION = YES;
				CLANG_WARN_INT_CONVERSION = YES;
				CLANG_WARN_OBJC_ROOT_CLASS = YES_ERROR;
				CLANG_WARN_UNREACHABLE_CODE = YES;
				CLANG_WARN__DUPLICATE_METHOD_MATCH = YES;
				"CODE_SIGN_IDENTITY[sdk=iphoneos*]" = "iPhone Developer";
				COPY_PHASE_STRIP = NO;
				DEBUG_INFORMATION_FORMAT = "dwarf-with-dsym";
				ENABLE_NS_ASSERTIONS = NO;
				ENABLE_STRICT_OBJC_MSGSEND = YES;
				GCC_C_LANGUAGE_STANDARD = gnu99;
				GCC_NO_COMMON_BLOCKS = YES;
				GCC_WARN_64_TO_32_BIT_CONVERSION = YES;
				GCC_WARN_ABOUT_RETURN_TYPE = YES_ERROR;
				GCC_WARN_UNDECLARED_SELECTOR = YES;
				GCC_WARN_UNINITIALIZED_AUTOS = YES_AGGRESSIVE;
				GCC_WARN_UNUSED_FUNCTION = YES;
				GCC_WARN_UNUSED_VARIABLE = YES;
				IPHONEOS_DEPLOYMENT_TARGET = 9.2;
				MTL_ENABLE_DEBUG_INFO = NO;
				SDKROOT = iphoneos;
				TARGETED_DEVICE_FAMILY = "1,2";
				VALIDATE_PRODUCT = YES;
			};
			name = Release;
		};
		AB22BF241C37D42500DB36BF /* Debug */ = {
			isa = XCBuildConfiguration;
			buildSettings = {
				ASSETCATALOG_COMPILER_APPICON_NAME = AppIcon;
				INFOPLIST_FILE = iOSAnimationSample/Info.plist;
				LD_RUNPATH_SEARCH_PATHS = "$(inherited) @executable_path/Frameworks";
				PRODUCT_BUNDLE_IDENTIFIER = net.itjh.iOSAnimationSample;
				PRODUCT_NAME = "$(TARGET_NAME)";
			};
			name = Debug;
		};
		AB22BF251C37D42500DB36BF /* Release */ = {
			isa = XCBuildConfiguration;
			buildSettings = {
				ASSETCATALOG_COMPILER_APPICON_NAME = AppIcon;
				INFOPLIST_FILE = iOSAnimationSample/Info.plist;
				LD_RUNPATH_SEARCH_PATHS = "$(inherited) @executable_path/Frameworks";
				PRODUCT_BUNDLE_IDENTIFIER = net.itjh.iOSAnimationSample;
				PRODUCT_NAME = "$(TARGET_NAME)";
			};
			name = Release;
		};
/* End XCBuildConfiguration section */

/* Begin XCConfigurationList section */
		AB22BF0C1C37D42500DB36BF /* Build configuration list for PBXProject "iOSAnimationSample" */ = {
			isa = XCConfigurationList;
			buildConfigurations = (
				AB22BF211C37D42500DB36BF /* Debug */,
				AB22BF221C37D42500DB36BF /* Release */,
			);
			defaultConfigurationIsVisible = 0;
			defaultConfigurationName = Release;
		};
		AB22BF231C37D42500DB36BF /* Build configuration list for PBXNativeTarget "iOSAnimationSample" */ = {
			isa = XCConfigurationList;
			buildConfigurations = (
				AB22BF241C37D42500DB36BF /* Debug */,
				AB22BF251C37D42500DB36BF /* Release */,
			);
			defaultConfigurationIsVisible = 0;
		};
/* End XCConfigurationList section */
	};
	rootObject = AB22BF091C37D42500DB36BF /* Project object */;
}
